
Microsoft Visual Studio Solution File, Format Version 12.00
# Visual Studio 15
VisualStudioVersion = 15.0.28307.779
MinimumVisualStudioVersion = 10.0.40219.1
Project("{8BC9CEB8-8B4A-11D0-8D11-00A0C91BC942}") = "trilist", "trilist\trilist.vcxproj", "{634C12EA-8C8E-46A8-B05B-4E4E524C2B41}"
EndProject
Global
	GlobalSection(SolutionConfigurationPlatforms) = preSolution
		Debug|x64 = Debug|x64
		Debug|x86 = Debug|x86
		Release|x64 = Release|x64
		Release|x86 = Release|x86
	EndGlobalSection
	GlobalSection(ProjectConfigurationPlatforms) = postSolution
		{634C12EA-8C8E-46A8-B05B-4E4E524C2B41}.Debug|x64.ActiveCfg = Debug|x64
		{634C12EA-8C8E-46A8-B05B-4E4E524C2B41}.Debug|x64.Build.0 = Debug|x64
		{634C12EA-8C8E-46A8-B05B-4E4E524C2B41}.Debug|x86.ActiveCfg = Debug|Win32
		{634C12EA-8C8E-46A8-B05B-4E4E524C2B41}.Debug|x86.Build.0 = Debug|Win32
		{634C12EA-8C8E-46A8-B05B-4E4E524C2B41}.Release|x64.ActiveCfg = Release|x64
		{634C12EA-8C8E-46A8-B05B-4E4E524C2B41}.Release|x64.Build.0 = Release|x64
		{634C12EA-8C8E-46A8-B05B-4E4E524C2B41}.Release|x86.ActiveCfg = Release|Win32
		{634C12EA-8C8E-46A8-B05B-4E4E524C2B41}.Release|x86.Build.0 = Release|Win32
	EndGlobalSection
	GlobalSection(SolutionProperties) = preSolution
		HideSolutionNode = FALSE
	EndGlobalSection
	GlobalSection(ExtensibilityGlobals) = postSolution
		SolutionGuid = {80865DF6-DA45-48F4-82CB-E4DFD79227F1}
	EndGlobalSection
EndGlobal
